<?xml version="1.0" encoding="UTF-8"?>
<!DOCTYPE plist PUBLIC "-//Apple//DTD PLIST 1.0//EN" "http://www.apple.com/DTDs/PropertyList-1.0.dtd">
<plist version="1.0">
<dict>
	<key>archiveVersion</key>
	<string>1</string>
	<key>classes</key>
	<dict/>
	<key>objectVersion</key>
	<string>46</string>
	<key>objects</key>
	<dict>
		<key>19B04A7807234337AF5F50F0</key>
		<dict>
			<key>buildActionMask</key>
			<string>2147483647</string>
			<key>files</key>
			<array/>
			<key>inputPaths</key>
			<array/>
			<key>isa</key>
			<string>PBXShellScriptBuildPhase</string>
			<key>name</key>
			<string>Check Pods Manifest.lock</string>
			<key>outputPaths</key>
			<array/>
			<key>runOnlyForDeploymentPostprocessing</key>
			<string>0</string>
			<key>shellPath</key>
			<string>/bin/sh</string>
			<key>shellScript</key>
			<string>diff "${PODS_ROOT}/../Podfile.lock" "${PODS_ROOT}/Manifest.lock" &gt; /dev/null
if [[ $? != 0 ]] ; then
    cat &lt;&lt; EOM
error: The sandbox is not in sync with the Podfile.lock. Run 'pod install' or update your CocoaPods installation.
EOM
    exit 1
fi
</string>
			<key>showEnvVarsInLog</key>
			<string>0</string>
		</dict>
		<key>5639B80B57BD4440A1C72D09</key>
		<dict>
			<key>fileRef</key>
			<string>AB9DCC91EEC24F26BCA308DC</string>
			<key>isa</key>
			<string>PBXBuildFile</string>
		</dict>
		<key>7128FE08446E42CA9AF0D076</key>
		<dict>
			<key>includeInIndex</key>
			<string>1</string>
			<key>isa</key>
			<string>PBXFileReference</string>
			<key>lastKnownFileType</key>
			<string>text.xcconfig</string>
			<key>name</key>
			<string>Pods.xcconfig</string>
			<key>path</key>
			<string>Pods/Pods.xcconfig</string>
			<key>sourceTree</key>
			<string>&lt;group&gt;</string>
		</dict>
		<key>8A0BC672D20C4D17BF07CEF9</key>
		<dict>
			<key>buildActionMask</key>
			<string>2147483647</string>
			<key>files</key>
			<array/>
			<key>inputPaths</key>
			<array/>
			<key>isa</key>
			<string>PBXShellScriptBuildPhase</string>
			<key>name</key>
			<string>Copy Pods Resources</string>
			<key>outputPaths</key>
			<array/>
			<key>runOnlyForDeploymentPostprocessing</key>
			<string>0</string>
			<key>shellPath</key>
			<string>/bin/sh</string>
			<key>shellScript</key>
			<string>"${SRCROOT}/Pods/Pods-resources.sh"
</string>
			<key>showEnvVarsInLog</key>
			<string>0</string>
		</dict>
		<key>A39D1C84192DD09200F35FAC</key>
		<dict>
			<key>children</key>
			<array>
				<string>A39D1C98192DD09200F35FAC</string>
				<string>A39D1CBC192DD09200F35FAC</string>
				<string>A39D1C8F192DD09200F35FAC</string>
				<string>A39D1C8E192DD09200F35FAC</string>
				<string>7128FE08446E42CA9AF0D076</string>
			</array>
			<key>isa</key>
			<string>PBXGroup</string>
			<key>sourceTree</key>
			<string>&lt;group&gt;</string>
		</dict>
		<key>A39D1C85192DD09200F35FAC</key>
		<dict>
			<key>attributes</key>
			<dict>
				<key>CLASSPREFIX</key>
				<string>RWT</string>
				<key>LastUpgradeCheck</key>
				<string>0510</string>
				<key>ORGANIZATIONNAME</key>
				<string>afun</string>
				<key>TargetAttributes</key>
				<dict>
					<key>A39D1CB4192DD09200F35FAC</key>
					<dict>
						<key>TestTargetID</key>
						<string>A39D1C8C192DD09200F35FAC</string>
					</dict>
				</dict>
			</dict>
			<key>buildConfigurationList</key>
			<string>A39D1C88192DD09200F35FAC</string>
			<key>compatibilityVersion</key>
			<string>Xcode 3.2</string>
			<key>developmentRegion</key>
			<string>English</string>
			<key>hasScannedForEncodings</key>
			<string>0</string>
			<key>isa</key>
			<string>PBXProject</string>
			<key>knownRegions</key>
			<array>
				<string>en</string>
				<string>Base</string>
			</array>
			<key>mainGroup</key>
			<string>A39D1C84192DD09200F35FAC</string>
			<key>productRefGroup</key>
			<string>A39D1C8E192DD09200F35FAC</string>
			<key>projectDirPath</key>
			<string></string>
			<key>projectReferences</key>
			<array/>
			<key>projectRoot</key>
			<string></string>
			<key>targets</key>
			<array>
				<string>A39D1C8C192DD09200F35FAC</string>
				<string>A39D1CB4192DD09200F35FAC</string>
			</array>
		</dict>
		<key>A39D1C88192DD09200F35FAC</key>
		<dict>
			<key>buildConfigurations</key>
			<array>
				<string>A39D1CC4192DD09200F35FAC</string>
				<string>A39D1CC5192DD09200F35FAC</string>
			</array>
			<key>defaultConfigurationIsVisible</key>
			<string>0</string>
			<key>defaultConfigurationName</key>
			<string>Release</string>
			<key>isa</key>
			<string>XCConfigurationList</string>
		</dict>
		<key>A39D1C89192DD09200F35FAC</key>
		<dict>
			<key>buildActionMask</key>
			<string>2147483647</string>
			<key>files</key>
			<array>
				<string>A39D1CD3192DD35500F35FAC</string>
				<string>A39D1CAC192DD09200F35FAC</string>
				<string>A39D1CA9192DD09200F35FAC</string>
				<string>A39D1CA3192DD09200F35FAC</string>
				<string>A39D1CD0192DD32500F35FAC</string>
				<string>A39D1C9F192DD09200F35FAC</string>
			</array>
			<key>isa</key>
			<string>PBXSourcesBuildPhase</string>
			<key>runOnlyForDeploymentPostprocessing</key>
			<string>0</string>
		</dict>
		<key>A39D1C8A192DD09200F35FAC</key>
		<dict>
			<key>buildActionMask</key>
			<string>2147483647</string>
			<key>files</key>
			<array>
				<string>A39D1C93192DD09200F35FAC</string>
				<string>A39D1C95192DD09200F35FAC</string>
				<string>A39D1C97192DD09200F35FAC</string>
				<string>A39D1C91192DD09200F35FAC</string>
				<string>5639B80B57BD4440A1C72D09</string>
			</array>
			<key>isa</key>
			<string>PBXFrameworksBuildPhase</string>
			<key>runOnlyForDeploymentPostprocessing</key>
			<string>0</string>
		</dict>
		<key>A39D1C8B192DD09200F35FAC</key>
		<dict>
			<key>buildActionMask</key>
			<string>2147483647</string>
			<key>files</key>
			<array>
				<string>A39D1C9D192DD09200F35FAC</string>
				<string>A39D1CB0192DD09200F35FAC</string>
				<string>A39D1CCD192DD0AA00F35FAC</string>
				<string>A39D1CA6192DD09200F35FAC</string>
			</array>
			<key>isa</key>
			<string>PBXResourcesBuildPhase</string>
			<key>runOnlyForDeploymentPostprocessing</key>
			<string>0</string>
		</dict>
		<key>A39D1C8C192DD09200F35FAC</key>
		<dict>
			<key>buildConfigurationList</key>
			<string>A39D1CC6192DD09200F35FAC</string>
			<key>buildPhases</key>
			<array>
				<string>19B04A7807234337AF5F50F0</string>
				<string>A39D1C89192DD09200F35FAC</string>
				<string>A39D1C8A192DD09200F35FAC</string>
				<string>A39D1C8B192DD09200F35FAC</string>
				<string>8A0BC672D20C4D17BF07CEF9</string>
			</array>
			<key>buildRules</key>
			<array/>
			<key>dependencies</key>
			<array/>
			<key>isa</key>
			<string>PBXNativeTarget</string>
			<key>name</key>
			<string>CookieCrunch</string>
			<key>productName</key>
			<string>CookieCrunch</string>
			<key>productReference</key>
			<string>A39D1C8D192DD09200F35FAC</string>
			<key>productType</key>
			<string>com.apple.product-type.application</string>
		</dict>
		<key>A39D1C8D192DD09200F35FAC</key>
		<dict>
			<key>explicitFileType</key>
			<string>wrapper.application</string>
			<key>includeInIndex</key>
			<string>0</string>
			<key>isa</key>
			<string>PBXFileReference</string>
			<key>path</key>
			<string>CookieCrunch.app</string>
			<key>sourceTree</key>
			<string>BUILT_PRODUCTS_DIR</string>
		</dict>
		<key>A39D1C8E192DD09200F35FAC</key>
		<dict>
			<key>children</key>
			<array>
				<string>A39D1C8D192DD09200F35FAC</string>
				<string>A39D1CB5192DD09200F35FAC</string>
			</array>
			<key>isa</key>
			<string>PBXGroup</string>
			<key>name</key>
			<string>Products</string>
			<key>sourceTree</key>
			<string>&lt;group&gt;</string>
		</dict>
		<key>A39D1C8F192DD09200F35FAC</key>
		<dict>
			<key>children</key>
			<array>
				<string>A39D1C90192DD09200F35FAC</string>
				<string>A39D1C92192DD09200F35FAC</string>
				<string>A39D1C94192DD09200F35FAC</string>
				<string>A39D1C96192DD09200F35FAC</string>
				<string>A39D1CB6192DD09200F35FAC</string>
				<string>AB9DCC91EEC24F26BCA308DC</string>
			</array>
			<key>isa</key>
			<string>PBXGroup</string>
			<key>name</key>
			<string>Frameworks</string>
			<key>sourceTree</key>
			<string>&lt;group&gt;</string>
		</dict>
		<key>A39D1C90192DD09200F35FAC</key>
		<dict>
			<key>isa</key>
			<string>PBXFileReference</string>
			<key>lastKnownFileType</key>
			<string>wrapper.framework</string>
			<key>name</key>
			<string>Foundation.framework</string>
			<key>path</key>
			<string>System/Library/Frameworks/Foundation.framework</string>
			<key>sourceTree</key>
			<string>SDKROOT</string>
		</dict>
		<key>A39D1C91192DD09200F35FAC</key>
		<dict>
			<key>fileRef</key>
			<string>A39D1C90192DD09200F35FAC</string>
			<key>isa</key>
			<string>PBXBuildFile</string>
		</dict>
		<key>A39D1C92192DD09200F35FAC</key>
		<dict>
			<key>isa</key>
			<string>PBXFileReference</string>
			<key>lastKnownFileType</key>
			<string>wrapper.framework</string>
			<key>name</key>
			<string>CoreGraphics.framework</string>
			<key>path</key>
			<string>System/Library/Frameworks/CoreGraphics.framework</string>
			<key>sourceTree</key>
			<string>SDKROOT</string>
		</dict>
		<key>A39D1C93192DD09200F35FAC</key>
		<dict>
			<key>fileRef</key>
			<string>A39D1C92192DD09200F35FAC</string>
			<key>isa</key>
			<string>PBXBuildFile</string>
		</dict>
		<key>A39D1C94192DD09200F35FAC</key>
		<dict>
			<key>isa</key>
			<string>PBXFileReference</string>
			<key>lastKnownFileType</key>
			<string>wrapper.framework</string>
			<key>name</key>
			<string>UIKit.framework</string>
			<key>path</key>
			<string>System/Library/Frameworks/UIKit.framework</string>
			<key>sourceTree</key>
			<string>SDKROOT</string>
		</dict>
		<key>A39D1C95192DD09200F35FAC</key>
		<dict>
			<key>fileRef</key>
			<string>A39D1C94192DD09200F35FAC</string>
			<key>isa</key>
			<string>PBXBuildFile</string>
		</dict>
		<key>A39D1C96192DD09200F35FAC</key>
		<dict>
			<key>isa</key>
			<string>PBXFileReference</string>
			<key>lastKnownFileType</key>
			<string>wrapper.framework</string>
			<key>name</key>
			<string>SpriteKit.framework</string>
			<key>path</key>
			<string>System/Library/Frameworks/SpriteKit.framework</string>
			<key>sourceTree</key>
			<string>SDKROOT</string>
		</dict>
		<key>A39D1C97192DD09200F35FAC</key>
		<dict>
			<key>fileRef</key>
			<string>A39D1C96192DD09200F35FAC</string>
			<key>isa</key>
			<string>PBXBuildFile</string>
		</dict>
		<key>A39D1C98192DD09200F35FAC</key>
		<dict>
			<key>children</key>
			<array>
				<string>A39D1CA1192DD09200F35FAC</string>
				<string>A39D1CA2192DD09200F35FAC</string>
				<string>A39D1CA4192DD09200F35FAC</string>
				<string>A39D1CA7192DD09200F35FAC</string>
				<string>A39D1CA8192DD09200F35FAC</string>
				<string>A39D1CAA192DD09200F35FAC</string>
				<string>A39D1CAB192DD09200F35FAC</string>
				<string>A39D1CCE192DD32500F35FAC</string>
				<string>A39D1CCF192DD32500F35FAC</string>
				<string>A39D1CD1192DD35500F35FAC</string>
				<string>A39D1CD2192DD35500F35FAC</string>
				<string>A39D1CCC192DD0AA00F35FAC</string>
				<string>A39D1CAF192DD09200F35FAC</string>
				<string>A39D1C99192DD09200F35FAC</string>
			</array>
			<key>isa</key>
			<string>PBXGroup</string>
			<key>path</key>
			<string>CookieCrunch</string>
			<key>sourceTree</key>
			<string>&lt;group&gt;</string>
		</dict>
		<key>A39D1C99192DD09200F35FAC</key>
		<dict>
			<key>children</key>
			<array>
				<string>A39D1C9A192DD09200F35FAC</string>
				<string>A39D1C9B192DD09200F35FAC</string>
				<string>A39D1C9E192DD09200F35FAC</string>
				<string>A39D1CA0192DD09200F35FAC</string>
			</array>
			<key>isa</key>
			<string>PBXGroup</string>
			<key>name</key>
			<string>Supporting Files</string>
			<key>sourceTree</key>
			<string>&lt;group&gt;</string>
		</dict>
		<key>A39D1C9A192DD09200F35FAC</key>
		<dict>
			<key>isa</key>
			<string>PBXFileReference</string>
			<key>lastKnownFileType</key>
			<string>text.plist.xml</string>
			<key>path</key>
			<string>CookieCrunch-Info.plist</string>
			<key>sourceTree</key>
			<string>&lt;group&gt;</string>
		</dict>
		<key>A39D1C9B192DD09200F35FAC</key>
		<dict>
			<key>children</key>
			<array>
				<string>A39D1C9C192DD09200F35FAC</string>
			</array>
			<key>isa</key>
			<string>PBXVariantGroup</string>
			<key>name</key>
			<string>InfoPlist.strings</string>
			<key>sourceTree</key>
			<string>&lt;group&gt;</string>
		</dict>
		<key>A39D1C9C192DD09200F35FAC</key>
		<dict>
			<key>isa</key>
			<string>PBXFileReference</string>
			<key>lastKnownFileType</key>
			<string>text.plist.strings</string>
			<key>name</key>
			<string>en</string>
			<key>path</key>
			<string>en.lproj/InfoPlist.strings</string>
			<key>sourceTree</key>
			<string>&lt;group&gt;</string>
		</dict>
		<key>A39D1C9D192DD09200F35FAC</key>
		<dict>
			<key>fileRef</key>
			<string>A39D1C9B192DD09200F35FAC</string>
			<key>isa</key>
			<string>PBXBuildFile</string>
		</dict>
		<key>A39D1C9E192DD09200F35FAC</key>
		<dict>
			<key>isa</key>
			<string>PBXFileReference</string>
			<key>lastKnownFileType</key>
			<string>sourcecode.c.objc</string>
			<key>path</key>
			<string>main.m</string>
			<key>sourceTree</key>
			<string>&lt;group&gt;</string>
		</dict>
		<key>A39D1C9F192DD09200F35FAC</key>
		<dict>
			<key>fileRef</key>
			<string>A39D1C9E192DD09200F35FAC</string>
			<key>isa</key>
			<string>PBXBuildFile</string>
		</dict>
		<key>A39D1CA0192DD09200F35FAC</key>
		<dict>
			<key>isa</key>
			<string>PBXFileReference</string>
			<key>lastKnownFileType</key>
			<string>sourcecode.c.h</string>
			<key>path</key>
			<string>CookieCrunch-Prefix.pch</string>
			<key>sourceTree</key>
			<string>&lt;group&gt;</string>
		</dict>
		<key>A39D1CA1192DD09200F35FAC</key>
		<dict>
			<key>isa</key>
			<string>PBXFileReference</string>
			<key>lastKnownFileType</key>
			<string>sourcecode.c.h</string>
			<key>path</key>
			<string>RWTAppDelegate.h</string>
			<key>sourceTree</key>
			<string>&lt;group&gt;</string>
		</dict>
		<key>A39D1CA2192DD09200F35FAC</key>
		<dict>
			<key>isa</key>
			<string>PBXFileReference</string>
			<key>lastKnownFileType</key>
			<string>sourcecode.c.objc</string>
			<key>path</key>
			<string>RWTAppDelegate.m</string>
			<key>sourceTree</key>
			<string>&lt;group&gt;</string>
		</dict>
		<key>A39D1CA3192DD09200F35FAC</key>
		<dict>
			<key>fileRef</key>
			<string>A39D1CA2192DD09200F35FAC</string>
			<key>isa</key>
			<string>PBXBuildFile</string>
		</dict>
		<key>A39D1CA4192DD09200F35FAC</key>
		<dict>
			<key>children</key>
			<array>
				<string>A39D1CA5192DD09200F35FAC</string>
			</array>
			<key>isa</key>
			<string>PBXVariantGroup</string>
			<key>name</key>
			<string>Main.storyboard</string>
			<key>sourceTree</key>
			<string>&lt;group&gt;</string>
		</dict>
		<key>A39D1CA5192DD09200F35FAC</key>
		<dict>
			<key>isa</key>
			<string>PBXFileReference</string>
			<key>lastKnownFileType</key>
			<string>file.storyboard</string>
			<key>name</key>
			<string>Base</string>
			<key>path</key>
			<string>Base.lproj/Main.storyboard</string>
			<key>sourceTree</key>
			<string>&lt;group&gt;</string>
		</dict>
		<key>A39D1CA6192DD09200F35FAC</key>
		<dict>
			<key>fileRef</key>
			<string>A39D1CA4192DD09200F35FAC</string>
			<key>isa</key>
			<string>PBXBuildFile</string>
		</dict>
		<key>A39D1CA7192DD09200F35FAC</key>
		<dict>
			<key>isa</key>
			<string>PBXFileReference</string>
			<key>lastKnownFileType</key>
			<string>sourcecode.c.h</string>
			<key>path</key>
			<string>RWTViewController.h</string>
			<key>sourceTree</key>
			<string>&lt;group&gt;</string>
		</dict>
		<key>A39D1CA8192DD09200F35FAC</key>
		<dict>
			<key>isa</key>
			<string>PBXFileReference</string>
			<key>lastKnownFileType</key>
			<string>sourcecode.c.objc</string>
			<key>path</key>
			<string>RWTViewController.m</string>
			<key>sourceTree</key>
			<string>&lt;group&gt;</string>
		</dict>
		<key>A39D1CA9192DD09200F35FAC</key>
		<dict>
			<key>fileRef</key>
			<string>A39D1CA8192DD09200F35FAC</string>
			<key>isa</key>
			<string>PBXBuildFile</string>
		</dict>
		<key>A39D1CAA192DD09200F35FAC</key>
		<dict>
			<key>isa</key>
			<string>PBXFileReference</string>
			<key>lastKnownFileType</key>
			<string>sourcecode.c.h</string>
			<key>path</key>
			<string>RWTMyScene.h</string>
			<key>sourceTree</key>
			<string>&lt;group&gt;</string>
		</dict>
		<key>A39D1CAB192DD09200F35FAC</key>
		<dict>
			<key>isa</key>
			<string>PBXFileReference</string>
			<key>lastKnownFileType</key>
			<string>sourcecode.c.objc</string>
			<key>path</key>
			<string>RWTMyScene.m</string>
			<key>sourceTree</key>
			<string>&lt;group&gt;</string>
		</dict>
		<key>A39D1CAC192DD09200F35FAC</key>
		<dict>
			<key>fileRef</key>
			<string>A39D1CAB192DD09200F35FAC</string>
			<key>isa</key>
			<string>PBXBuildFile</string>
		</dict>
		<key>A39D1CAF192DD09200F35FAC</key>
		<dict>
			<key>isa</key>
			<string>PBXFileReference</string>
			<key>lastKnownFileType</key>
			<string>folder.assetcatalog</string>
			<key>path</key>
			<string>Images.xcassets</string>
			<key>sourceTree</key>
			<string>&lt;group&gt;</string>
		</dict>
		<key>A39D1CB0192DD09200F35FAC</key>
		<dict>
			<key>fileRef</key>
			<string>A39D1CAF192DD09200F35FAC</string>
			<key>isa</key>
			<string>PBXBuildFile</string>
		</dict>
		<key>A39D1CB1192DD09200F35FAC</key>
		<dict>
			<key>buildActionMask</key>
			<string>2147483647</string>
			<key>files</key>
			<array>
				<string>A39D1CC3192DD09200F35FAC</string>
			</array>
			<key>isa</key>
			<string>PBXSourcesBuildPhase</string>
			<key>runOnlyForDeploymentPostprocessing</key>
			<string>0</string>
		</dict>
		<key>A39D1CB2192DD09200F35FAC</key>
		<dict>
			<key>buildActionMask</key>
			<string>2147483647</string>
			<key>files</key>
			<array>
				<string>A39D1CB7192DD09200F35FAC</string>
				<string>A39D1CB9192DD09200F35FAC</string>
				<string>A39D1CB8192DD09200F35FAC</string>
			</array>
			<key>isa</key>
			<string>PBXFrameworksBuildPhase</string>
			<key>runOnlyForDeploymentPostprocessing</key>
			<string>0</string>
		</dict>
		<key>A39D1CB3192DD09200F35FAC</key>
		<dict>
			<key>buildActionMask</key>
			<string>2147483647</string>
			<key>files</key>
			<array>
				<string>A39D1CC1192DD09200F35FAC</string>
			</array>
			<key>isa</key>
			<string>PBXResourcesBuildPhase</string>
			<key>runOnlyForDeploymentPostprocessing</key>
			<string>0</string>
		</dict>
		<key>A39D1CB4192DD09200F35FAC</key>
		<dict>
			<key>buildConfigurationList</key>
			<string>A39D1CC9192DD09200F35FAC</string>
			<key>buildPhases</key>
			<array>
				<string>A39D1CB1192DD09200F35FAC</string>
				<string>A39D1CB2192DD09200F35FAC</string>
				<string>A39D1CB3192DD09200F35FAC</string>
			</array>
			<key>buildRules</key>
			<array/>
			<key>dependencies</key>
			<array>
				<string>A39D1CBB192DD09200F35FAC</string>
			</array>
			<key>isa</key>
			<string>PBXNativeTarget</string>
			<key>name</key>
			<string>CookieCrunchTests</string>
			<key>productName</key>
			<string>CookieCrunchTests</string>
			<key>productReference</key>
			<string>A39D1CB5192DD09200F35FAC</string>
			<key>productType</key>
			<string>com.apple.product-type.bundle.unit-test</string>
		</dict>
		<key>A39D1CB5192DD09200F35FAC</key>
		<dict>
			<key>explicitFileType</key>
			<string>wrapper.cfbundle</string>
			<key>includeInIndex</key>
			<string>0</string>
			<key>isa</key>
			<string>PBXFileReference</string>
			<key>path</key>
			<string>CookieCrunchTests.xctest</string>
			<key>sourceTree</key>
			<string>BUILT_PRODUCTS_DIR</string>
		</dict>
		<key>A39D1CB6192DD09200F35FAC</key>
		<dict>
			<key>isa</key>
			<string>PBXFileReference</string>
			<key>lastKnownFileType</key>
			<string>wrapper.framework</string>
			<key>name</key>
			<string>XCTest.framework</string>
			<key>path</key>
			<string>Library/Frameworks/XCTest.framework</string>
			<key>sourceTree</key>
			<string>DEVELOPER_DIR</string>
		</dict>
		<key>A39D1CB7192DD09200F35FAC</key>
		<dict>
			<key>fileRef</key>
			<string>A39D1CB6192DD09200F35FAC</string>
			<key>isa</key>
			<string>PBXBuildFile</string>
		</dict>
		<key>A39D1CB8192DD09200F35FAC</key>
		<dict>
			<key>fileRef</key>
			<string>A39D1C90192DD09200F35FAC</string>
			<key>isa</key>
			<string>PBXBuildFile</string>
		</dict>
		<key>A39D1CB9192DD09200F35FAC</key>
		<dict>
			<key>fileRef</key>
			<string>A39D1C94192DD09200F35FAC</string>
			<key>isa</key>
			<string>PBXBuildFile</string>
		</dict>
		<key>A39D1CBA192DD09200F35FAC</key>
		<dict>
			<key>containerPortal</key>
			<string>A39D1C85192DD09200F35FAC</string>
			<key>isa</key>
			<string>PBXContainerItemProxy</string>
			<key>proxyType</key>
			<string>1</string>
			<key>remoteGlobalIDString</key>
			<string>A39D1C8C192DD09200F35FAC</string>
			<key>remoteInfo</key>
			<string>CookieCrunch</string>
		</dict>
		<key>A39D1CBB192DD09200F35FAC</key>
		<dict>
			<key>isa</key>
			<string>PBXTargetDependency</string>
			<key>target</key>
			<string>A39D1C8C192DD09200F35FAC</string>
			<key>targetProxy</key>
			<string>A39D1CBA192DD09200F35FAC</string>
		</dict>
		<key>A39D1CBC192DD09200F35FAC</key>
		<dict>
			<key>children</key>
			<array>
				<string>A39D1CC2192DD09200F35FAC</string>
				<string>A39D1CBD192DD09200F35FAC</string>
			</array>
			<key>isa</key>
			<string>PBXGroup</string>
			<key>path</key>
			<string>CookieCrunchTests</string>
			<key>sourceTree</key>
			<string>&lt;group&gt;</string>
		</dict>
		<key>A39D1CBD192DD09200F35FAC</key>
		<dict>
			<key>children</key>
			<array>
				<string>A39D1CBE192DD09200F35FAC</string>
				<string>A39D1CBF192DD09200F35FAC</string>
			</array>
			<key>isa</key>
			<string>PBXGroup</string>
			<key>name</key>
			<string>Supporting Files</string>
			<key>sourceTree</key>
			<string>&lt;group&gt;</string>
		</dict>
		<key>A39D1CBE192DD09200F35FAC</key>
		<dict>
			<key>isa</key>
			<string>PBXFileReference</string>
			<key>lastKnownFileType</key>
			<string>text.plist.xml</string>
			<key>path</key>
			<string>CookieCrunchTests-Info.plist</string>
			<key>sourceTree</key>
			<string>&lt;group&gt;</string>
		</dict>
		<key>A39D1CBF192DD09200F35FAC</key>
		<dict>
			<key>children</key>
			<array>
				<string>A39D1CC0192DD09200F35FAC</string>
			</array>
			<key>isa</key>
			<string>PBXVariantGroup</string>
			<key>name</key>
			<string>InfoPlist.strings</string>
			<key>sourceTree</key>
			<string>&lt;group&gt;</string>
		</dict>
		<key>A39D1CC0192DD09200F35FAC</key>
		<dict>
			<key>isa</key>
			<string>PBXFileReference</string>
			<key>lastKnownFileType</key>
			<string>text.plist.strings</string>
			<key>name</key>
			<string>en</string>
			<key>path</key>
			<string>en.lproj/InfoPlist.strings</string>
			<key>sourceTree</key>
			<string>&lt;group&gt;</string>
		</dict>
		<key>A39D1CC1192DD09200F35FAC</key>
		<dict>
			<key>fileRef</key>
			<string>A39D1CBF192DD09200F35FAC</string>
			<key>isa</key>
			<string>PBXBuildFile</string>
		</dict>
		<key>A39D1CC2192DD09200F35FAC</key>
		<dict>
			<key>isa</key>
			<string>PBXFileReference</string>
			<key>lastKnownFileType</key>
			<string>sourcecode.c.objc</string>
			<key>path</key>
			<string>CookieCrunchTests.m</string>
			<key>sourceTree</key>
			<string>&lt;group&gt;</string>
		</dict>
		<key>A39D1CC3192DD09200F35FAC</key>
		<dict>
			<key>fileRef</key>
			<string>A39D1CC2192DD09200F35FAC</string>
			<key>isa</key>
			<string>PBXBuildFile</string>
		</dict>
		<key>A39D1CC4192DD09200F35FAC</key>
		<dict>
			<key>buildSettings</key>
			<dict>
				<key>ALWAYS_SEARCH_USER_PATHS</key>
				<string>NO</string>
				<key>CLANG_CXX_LANGUAGE_STANDARD</key>
				<string>gnu++0x</string>
				<key>CLANG_CXX_LIBRARY</key>
				<string>libc++</string>
				<key>CLANG_ENABLE_MODULES</key>
				<string>YES</string>
				<key>CLANG_ENABLE_OBJC_ARC</key>
				<string>YES</string>
				<key>CLANG_WARN_BOOL_CONVERSION</key>
				<string>YES</string>
				<key>CLANG_WARN_CONSTANT_CONVERSION</key>
				<string>YES</string>
				<key>CLANG_WARN_DIRECT_OBJC_ISA_USAGE</key>
				<string>YES_ERROR</string>
				<key>CLANG_WARN_EMPTY_BODY</key>
				<string>YES</string>
				<key>CLANG_WARN_ENUM_CONVERSION</key>
				<string>YES</string>
				<key>CLANG_WARN_INT_CONVERSION</key>
				<string>YES</string>
				<key>CLANG_WARN_OBJC_ROOT_CLASS</key>
				<string>YES_ERROR</string>
				<key>CLANG_WARN__DUPLICATE_METHOD_MATCH</key>
				<string>YES</string>
				<key>CODE_SIGN_IDENTITY[sdk=iphoneos*]</key>
				<string>iPhone Developer</string>
				<key>COPY_PHASE_STRIP</key>
				<string>NO</string>
				<key>GCC_C_LANGUAGE_STANDARD</key>
				<string>gnu99</string>
				<key>GCC_DYNAMIC_NO_PIC</key>
				<string>NO</string>
				<key>GCC_OPTIMIZATION_LEVEL</key>
				<string>0</string>
				<key>GCC_PREPROCESSOR_DEFINITIONS</key>
				<array>
					<string>DEBUG=1</string>
					<string>$(inherited)</string>
				</array>
				<key>GCC_SYMBOLS_PRIVATE_EXTERN</key>
				<string>NO</string>
				<key>GCC_WARN_64_TO_32_BIT_CONVERSION</key>
				<string>YES</string>
				<key>GCC_WARN_ABOUT_RETURN_TYPE</key>
				<string>YES_ERROR</string>
				<key>GCC_WARN_UNDECLARED_SELECTOR</key>
				<string>YES</string>
				<key>GCC_WARN_UNINITIALIZED_AUTOS</key>
				<string>YES_AGGRESSIVE</string>
				<key>GCC_WARN_UNUSED_FUNCTION</key>
				<string>YES</string>
				<key>GCC_WARN_UNUSED_VARIABLE</key>
				<string>YES</string>
				<key>IPHONEOS_DEPLOYMENT_TARGET</key>
				<string>7.1</string>
				<key>ONLY_ACTIVE_ARCH</key>
				<string>YES</string>
				<key>SDKROOT</key>
				<string>iphoneos</string>
			</dict>
			<key>isa</key>
			<string>XCBuildConfiguration</string>
			<key>name</key>
			<string>Debug</string>
		</dict>
		<key>A39D1CC5192DD09200F35FAC</key>
		<dict>
			<key>buildSettings</key>
			<dict>
				<key>ALWAYS_SEARCH_USER_PATHS</key>
				<string>NO</string>
				<key>CLANG_CXX_LANGUAGE_STANDARD</key>
				<string>gnu++0x</string>
				<key>CLANG_CXX_LIBRARY</key>
				<string>libc++</string>
				<key>CLANG_ENABLE_MODULES</key>
				<string>YES</string>
				<key>CLANG_ENABLE_OBJC_ARC</key>
				<string>YES</string>
				<key>CLANG_WARN_BOOL_CONVERSION</key>
				<string>YES</string>
				<key>CLANG_WARN_CONSTANT_CONVERSION</key>
				<string>YES</string>
				<key>CLANG_WARN_DIRECT_OBJC_ISA_USAGE</key>
				<string>YES_ERROR</string>
				<key>CLANG_WARN_EMPTY_BODY</key>
				<string>YES</string>
				<key>CLANG_WARN_ENUM_CONVERSION</key>
				<string>YES</string>
				<key>CLANG_WARN_INT_CONVERSION</key>
				<string>YES</string>
				<key>CLANG_WARN_OBJC_ROOT_CLASS</key>
				<string>YES_ERROR</string>
				<key>CLANG_WARN__DUPLICATE_METHOD_MATCH</key>
				<string>YES</string>
				<key>CODE_SIGN_IDENTITY[sdk=iphoneos*]</key>
				<string>iPhone Developer</string>
				<key>COPY_PHASE_STRIP</key>
				<string>YES</string>
				<key>ENABLE_NS_ASSERTIONS</key>
				<string>NO</string>
				<key>GCC_C_LANGUAGE_STANDARD</key>
				<string>gnu99</string>
				<key>GCC_WARN_64_TO_32_BIT_CONVERSION</key>
				<string>YES</string>
				<key>GCC_WARN_ABOUT_RETURN_TYPE</key>
				<string>YES_ERROR</string>
				<key>GCC_WARN_UNDECLARED_SELECTOR</key>
				<string>YES</string>
				<key>GCC_WARN_UNINITIALIZED_AUTOS</key>
				<string>YES_AGGRESSIVE</string>
				<key>GCC_WARN_UNUSED_FUNCTION</key>
				<string>YES</string>
				<key>GCC_WARN_UNUSED_VARIABLE</key>
				<string>YES</string>
				<key>IPHONEOS_DEPLOYMENT_TARGET</key>
				<string>7.1</string>
				<key>SDKROOT</key>
				<string>iphoneos</string>
				<key>VALIDATE_PRODUCT</key>
				<string>YES</string>
			</dict>
			<key>isa</key>
			<string>XCBuildConfiguration</string>
			<key>name</key>
			<string>Release</string>
		</dict>
		<key>A39D1CC6192DD09200F35FAC</key>
		<dict>
			<key>buildConfigurations</key>
			<array>
				<string>A39D1CC7192DD09200F35FAC</string>
				<string>A39D1CC8192DD09200F35FAC</string>
			</array>
			<key>defaultConfigurationIsVisible</key>
			<string>0</string>
			<key>isa</key>
			<string>XCConfigurationList</string>
		</dict>
		<key>A39D1CC7192DD09200F35FAC</key>
		<dict>
			<key>baseConfigurationReference</key>
			<string>7128FE08446E42CA9AF0D076</string>
			<key>buildSettings</key>
			<dict>
				<key>ASSETCATALOG_COMPILER_APPICON_NAME</key>
				<string>AppIcon</string>
				<key>ASSETCATALOG_COMPILER_LAUNCHIMAGE_NAME</key>
				<string>LaunchImage</string>
				<key>GCC_PRECOMPILE_PREFIX_HEADER</key>
				<string>YES</string>
				<key>GCC_PREFIX_HEADER</key>
				<string>CookieCrunch/CookieCrunch-Prefix.pch</string>
				<key>INFOPLIST_FILE</key>
				<string>CookieCrunch/CookieCrunch-Info.plist</string>
				<key>PRODUCT_NAME</key>
				<string>$(TARGET_NAME)</string>
				<key>SPRITEKIT_TEXTURE_ATLAS_OUTPUT</key>
				<string>YES</string>
				<key>WRAPPER_EXTENSION</key>
				<string>app</string>
			</dict>
			<key>isa</key>
			<string>XCBuildConfiguration</string>
			<key>name</key>
			<string>Debug</string>
		</dict>
		<key>A39D1CC8192DD09200F35FAC</key>
		<dict>
			<key>baseConfigurationReference</key>
			<string>7128FE08446E42CA9AF0D076</string>
			<key>buildSettings</key>
			<dict>
				<key>ASSETCATALOG_COMPILER_APPICON_NAME</key>
				<string>AppIcon</string>
				<key>ASSETCATALOG_COMPILER_LAUNCHIMAGE_NAME</key>
				<string>LaunchImage</string>
				<key>GCC_PRECOMPILE_PREFIX_HEADER</key>
				<string>YES</string>
				<key>GCC_PREFIX_HEADER</key>
				<string>CookieCrunch/CookieCrunch-Prefix.pch</string>
				<key>INFOPLIST_FILE</key>
				<string>CookieCrunch/CookieCrunch-Info.plist</string>
				<key>PRODUCT_NAME</key>
				<string>$(TARGET_NAME)</string>
				<key>SPRITEKIT_TEXTURE_ATLAS_OUTPUT</key>
				<string>YES</string>
				<key>WRAPPER_EXTENSION</key>
				<string>app</string>
			</dict>
			<key>isa</key>
			<string>XCBuildConfiguration</string>
			<key>name</key>
			<string>Release</string>
		</dict>
		<key>A39D1CC9192DD09200F35FAC</key>
		<dict>
			<key>buildConfigurations</key>
			<array>
				<string>A39D1CCA192DD09200F35FAC</string>
				<string>A39D1CCB192DD09200F35FAC</string>
			</array>
			<key>defaultConfigurationIsVisible</key>
			<string>0</string>
			<key>isa</key>
			<string>XCConfigurationList</string>
		</dict>
		<key>A39D1CCA192DD09200F35FAC</key>
		<dict>
			<key>buildSettings</key>
			<dict>
				<key>BUNDLE_LOADER</key>
				<string>$(BUILT_PRODUCTS_DIR)/CookieCrunch.app/CookieCrunch</string>
				<key>FRAMEWORK_SEARCH_PATHS</key>
				<array>
					<string>$(SDKROOT)/Developer/Library/Frameworks</string>
					<string>$(inherited)</string>
					<string>$(DEVELOPER_FRAMEWORKS_DIR)</string>
				</array>
				<key>GCC_PRECOMPILE_PREFIX_HEADER</key>
				<string>YES</string>
				<key>GCC_PREFIX_HEADER</key>
				<string>CookieCrunch/CookieCrunch-Prefix.pch</string>
				<key>GCC_PREPROCESSOR_DEFINITIONS</key>
				<array>
					<string>DEBUG=1</string>
					<string>$(inherited)</string>
				</array>
				<key>INFOPLIST_FILE</key>
				<string>CookieCrunchTests/CookieCrunchTests-Info.plist</string>
				<key>PRODUCT_NAME</key>
				<string>$(TARGET_NAME)</string>
				<key>TEST_HOST</key>
				<string>$(BUNDLE_LOADER)</string>
				<key>WRAPPER_EXTENSION</key>
				<string>xctest</string>
			</dict>
			<key>isa</key>
			<string>XCBuildConfiguration</string>
			<key>name</key>
			<string>Debug</string>
		</dict>
		<key>A39D1CCB192DD09200F35FAC</key>
		<dict>
			<key>buildSettings</key>
			<dict>
				<key>BUNDLE_LOADER</key>
				<string>$(BUILT_PRODUCTS_DIR)/CookieCrunch.app/CookieCrunch</string>
				<key>FRAMEWORK_SEARCH_PATHS</key>
				<array>
					<string>$(SDKROOT)/Developer/Library/Frameworks</string>
					<string>$(inherited)</string>
					<string>$(DEVELOPER_FRAMEWORKS_DIR)</string>
				</array>
				<key>GCC_PRECOMPILE_PREFIX_HEADER</key>
				<string>YES</string>
				<key>GCC_PREFIX_HEADER</key>
				<string>CookieCrunch/CookieCrunch-Prefix.pch</string>
				<key>INFOPLIST_FILE</key>
				<string>CookieCrunchTests/CookieCrunchTests-Info.plist</string>
				<key>PRODUCT_NAME</key>
				<string>$(TARGET_NAME)</string>
				<key>TEST_HOST</key>
				<string>$(BUNDLE_LOADER)</string>
				<key>WRAPPER_EXTENSION</key>
				<string>xctest</string>
			</dict>
			<key>isa</key>
			<string>XCBuildConfiguration</string>
			<key>name</key>
			<string>Release</string>
		</dict>
		<key>A39D1CCC192DD0AA00F35FAC</key>
		<dict>
			<key>isa</key>
			<string>PBXFileReference</string>
			<key>lastKnownFileType</key>
			<string>folder.skatlas</string>
			<key>path</key>
			<string>Sprites.atlas</string>
			<key>sourceTree</key>
			<string>&lt;group&gt;</string>
		</dict>
		<key>A39D1CCD192DD0AA00F35FAC</key>
		<dict>
			<key>fileRef</key>
			<string>A39D1CCC192DD0AA00F35FAC</string>
			<key>isa</key>
			<string>PBXBuildFile</string>
		</dict>
		<key>A39D1CCE192DD32500F35FAC</key>
		<dict>
			<key>fileEncoding</key>
			<string>4</string>
			<key>isa</key>
			<string>PBXFileReference</string>
			<key>lastKnownFileType</key>
			<string>sourcecode.c.h</string>
			<key>path</key>
			<string>RWTCookie.h</string>
			<key>sourceTree</key>
			<string>&lt;group&gt;</string>
		</dict>
		<key>A39D1CCF192DD32500F35FAC</key>
		<dict>
			<key>fileEncoding</key>
			<string>4</string>
			<key>isa</key>
			<string>PBXFileReference</string>
			<key>lastKnownFileType</key>
			<string>sourcecode.c.objc</string>
			<key>path</key>
			<string>RWTCookie.m</string>
			<key>sourceTree</key>
			<string>&lt;group&gt;</string>
		</dict>
		<key>A39D1CD0192DD32500F35FAC</key>
		<dict>
			<key>fileRef</key>
			<string>A39D1CCF192DD32500F35FAC</string>
			<key>isa</key>
			<string>PBXBuildFile</string>
		</dict>
		<key>A39D1CD1192DD35500F35FAC</key>
		<dict>
			<key>fileEncoding</key>
			<string>4</string>
			<key>isa</key>
			<string>PBXFileReference</string>
			<key>lastKnownFileType</key>
			<string>sourcecode.c.h</string>
			<key>path</key>
			<string>RWTLevel.h</string>
			<key>sourceTree</key>
			<string>&lt;group&gt;</string>
		</dict>
		<key>A39D1CD2192DD35500F35FAC</key>
		<dict>
			<key>fileEncoding</key>
			<string>4</string>
			<key>isa</key>
			<string>PBXFileReference</string>
			<key>lastKnownFileType</key>
			<string>sourcecode.c.objc</string>
			<key>path</key>
			<string>RWTLevel.m</string>
			<key>sourceTree</key>
			<string>&lt;group&gt;</string>
		</dict>
		<key>A39D1CD3192DD35500F35FAC</key>
		<dict>
			<key>fileRef</key>
			<string>A39D1CD2192DD35500F35FAC</string>
			<key>isa</key>
			<string>PBXBuildFile</string>
		</dict>
		<key>AB9DCC91EEC24F26BCA308DC</key>
		<dict>
			<key>explicitFileType</key>
			<string>archive.ar</string>
			<key>includeInIndex</key>
			<string>0</string>
			<key>isa</key>
			<string>PBXFileReference</string>
			<key>path</key>
			<string>libPods.a</string>
			<key>sourceTree</key>
			<string>BUILT_PRODUCTS_DIR</string>
		</dict>
	</dict>
	<key>rootObject</key>
	<string>A39D1C85192DD09200F35FAC</string>
</dict>
</plist>
